// !$*UTF8*$!
{
	archiveVersion = 1;
	classes = {
	};
	objectVersion = 56;
	objects = {

/* Begin PBXBuildFile section */
		ED56292F2DCA559E00D375D0 /* AppColors.swift in Sources */ = {isa = PBXBuildFile; fileRef = ED56292E2DCA559E00D375D0 /* AppColors.swift */; };
		ED5629312DCA55BD00D375D0 /* SurveyModel.swift in Sources */ = {isa = PBXBuildFile; fileRef = ED5629302DCA55BD00D375D0 /* SurveyModel.swift */; };
		ED5629332DCA55E200D375D0 /* SurveyCardView.swift in Sources */ = {isa = PBXBuildFile; fileRef = ED5629322DCA55E200D375D0 /* SurveyCardView.swift */; };
		ED5629352DCA560B00D375D0 /* SurveyView.swift in Sources */ = {isa = PBXBuildFile; fileRef = ED5629342DCA560B00D375D0 /* SurveyView.swift */; };
		ED5629372DCA563200D375D0 /* SurveyCategoriesView.swift in Sources */ = {isa = PBXBuildFile; fileRef = ED5629362DCA563200D375D0 /* SurveyCategoriesView.swift */; };
		ED6C02242DC26BBD006463A5 /* SocialLoginView.swift in Sources */ = {isa = PBXBuildFile; fileRef = ED6C02232DC26BBD006463A5 /* SocialLoginView.swift */; };
		ED6C02262DC26CD3006463A5 /* google_logo.png in Resources */ = {isa = PBXBuildFile; fileRef = ED6C02252DC26CD3006463A5 /* google_logo.png */; };
		ED6C02282DC26D5C006463A5 /* facebook_logo.png in Resources */ = {isa = PBXBuildFile; fileRef = ED6C02272DC26D5C006463A5 /* facebook_logo.png */; };
		EDA954CA2DBFBDAC00B8B7FA /* LISDSurveyApp.swift in Sources */ = {isa = PBXBuildFile; fileRef = EDA954C92DBFBDAC00B8B7FA /* LISDSurveyApp.swift */; };
		EDA954CC2DBFBDAC00B8B7FA /* ContentView.swift in Sources */ = {isa = PBXBuildFile; fileRef = EDA954CB2DBFBDAC00B8B7FA /* ContentView.swift */; };
		EDA954CE2DBFBDAD00B8B7FA /* Assets.xcassets in Resources */ = {isa = PBXBuildFile; fileRef = EDA954CD2DBFBDAD00B8B7FA /* Assets.xcassets */; };
		EDA954D12DBFBDAD00B8B7FA /* Preview Assets.xcassets in Resources */ = {isa = PBXBuildFile; fileRef = EDA954D02DBFBDAD00B8B7FA /* Preview Assets.xcassets */; };
		EDA954DB2DBFBDAE00B8B7FA /* LISDSurveyTests.swift in Sources */ = {isa = PBXBuildFile; fileRef = EDA954DA2DBFBDAE00B8B7FA /* LISDSurveyTests.swift */; };
		EDA954E52DBFBDAE00B8B7FA /* LISDSurveyUITests.swift in Sources */ = {isa = PBXBuildFile; fileRef = EDA954E42DBFBDAE00B8B7FA /* LISDSurveyUITests.swift */; };
		EDA954E72DBFBDAE00B8B7FA /* LISDSurveyUITestsLaunchTests.swift in Sources */ = {isa = PBXBuildFile; fileRef = EDA954E62DBFBDAE00B8B7FA /* LISDSurveyUITestsLaunchTests.swift */; };
		EDD913442DC505A00043061D /* HomePage.swift in Sources */ = {isa = PBXBuildFile; fileRef = EDD913432DC505A00043061D /* HomePage.swift */; };
		EDD913462DC509500043061D /* ProfilePage.swift in Sources */ = {isa = PBXBuildFile; fileRef = EDD913452DC509500043061D /* ProfilePage.swift */; };
		EDD913482DC50C970043061D /* OngoingView.swift in Sources */ = {isa = PBXBuildFile; fileRef = EDD913472DC50C970043061D /* OngoingView.swift */; };
		EDD9134A2DC50CBF0043061D /* FinishedView.swift in Sources */ = {isa = PBXBuildFile; fileRef = EDD913492DC50CBF0043061D /* FinishedView.swift */; };
		EDD9134C2DC50D180043061D /* AuthView.swift in Sources */ = {isa = PBXBuildFile; fileRef = EDD9134B2DC50D180043061D /* AuthView.swift */; };
		EDD9134E2DC50EF60043061D /* MainTabView.swift in Sources */ = {isa = PBXBuildFile; fileRef = EDD9134D2DC50EF60043061D /* MainTabView.swift */; };
/* End PBXBuildFile section */

/* Begin PBXContainerItemProxy section */
		EDA954D72DBFBDAE00B8B7FA /* PBXContainerItemProxy */ = {
			isa = PBXContainerItemProxy;
			containerPortal = EDA954BE2DBFBDAC00B8B7FA /* Project object */;
			proxyType = 1;
			remoteGlobalIDString = EDA954C52DBFBDAC00B8B7FA;
			remoteInfo = LISDSurvey;
		};
		EDA954E12DBFBDAE00B8B7FA /* PBXContainerItemProxy */ = {
			isa = PBXContainerItemProxy;
			containerPortal = EDA954BE2DBFBDAC00B8B7FA /* Project object */;
			proxyType = 1;
			remoteGlobalIDString = EDA954C52DBFBDAC00B8B7FA;
			remoteInfo = LISDSurvey;
		};
/* End PBXContainerItemProxy section */

/* Begin PBXFileReference section */
		ED56292E2DCA559E00D375D0 /* AppColors.swift */ = {isa = PBXFileReference; lastKnownFileType = sourcecode.swift; path = AppColors.swift; sourceTree = "<group>"; };
		ED5629302DCA55BD00D375D0 /* SurveyModel.swift */ = {isa = PBXFileReference; lastKnownFileType = sourcecode.swift; path = SurveyModel.swift; sourceTree = "<group>"; };
		ED5629322DCA55E200D375D0 /* SurveyCardView.swift */ = {isa = PBXFileReference; lastKnownFileType = sourcecode.swift; path = SurveyCardView.swift; sourceTree = "<group>"; };
		ED5629342DCA560B00D375D0 /* SurveyView.swift */ = {isa = PBXFileReference; lastKnownFileType = sourcecode.swift; path = SurveyView.swift; sourceTree = "<group>"; };
		ED5629362DCA563200D375D0 /* SurveyCategoriesView.swift */ = {isa = PBXFileReference; lastKnownFileType = sourcecode.swift; path = SurveyCategoriesView.swift; sourceTree = "<group>"; };
		ED6C02232DC26BBD006463A5 /* SocialLoginView.swift */ = {isa = PBXFileReference; lastKnownFileType = sourcecode.swift; path = SocialLoginView.swift; sourceTree = "<group>"; };
		ED6C02252DC26CD3006463A5 /* google_logo.png */ = {isa = PBXFileReference; lastKnownFileType = image.png; path = google_logo.png; sourceTree = "<group>"; };
		ED6C02272DC26D5C006463A5 /* facebook_logo.png */ = {isa = PBXFileReference; lastKnownFileType = image.png; path = facebook_logo.png; sourceTree = "<group>"; };
		EDA954C62DBFBDAC00B8B7FA /* LISDSurvey.app */ = {isa = PBXFileReference; explicitFileType = wrapper.application; includeInIndex = 0; path = LISDSurvey.app; sourceTree = BUILT_PRODUCTS_DIR; };
		EDA954C92DBFBDAC00B8B7FA /* LISDSurveyApp.swift */ = {isa = PBXFileReference; lastKnownFileType = sourcecode.swift; path = LISDSurveyApp.swift; sourceTree = "<group>"; };
		EDA954CB2DBFBDAC00B8B7FA /* ContentView.swift */ = {isa = PBXFileReference; lastKnownFileType = sourcecode.swift; path = ContentView.swift; sourceTree = "<group>"; };
		EDA954CD2DBFBDAD00B8B7FA /* Assets.xcassets */ = {isa = PBXFileReference; lastKnownFileType = folder.assetcatalog; path = Assets.xcassets; sourceTree = "<group>"; };
		EDA954D02DBFBDAD00B8B7FA /* Preview Assets.xcassets */ = {isa = PBXFileReference; lastKnownFileType = folder.assetcatalog; path = "Preview Assets.xcassets"; sourceTree = "<group>"; };
		EDA954D62DBFBDAE00B8B7FA /* LISDSurveyTests.xctest */ = {isa = PBXFileReference; explicitFileType = wrapper.cfbundle; includeInIndex = 0; path = LISDSurveyTests.xctest; sourceTree = BUILT_PRODUCTS_DIR; };
		EDA954DA2DBFBDAE00B8B7FA /* LISDSurveyTests.swift */ = {isa = PBXFileReference; lastKnownFileType = sourcecode.swift; path = LISDSurveyTests.swift; sourceTree = "<group>"; };
		EDA954E02DBFBDAE00B8B7FA /* LISDSurveyUITests.xctest */ = {isa = PBXFileReference; explicitFileType = wrapper.cfbundle; includeInIndex = 0; path = LISDSurveyUITests.xctest; sourceTree = BUILT_PRODUCTS_DIR; };
		EDA954E42DBFBDAE00B8B7FA /* LISDSurveyUITests.swift */ = {isa = PBXFileReference; lastKnownFileType = sourcecode.swift; path = LISDSurveyUITests.swift; sourceTree = "<group>"; };
		EDA954E62DBFBDAE00B8B7FA /* LISDSurveyUITestsLaunchTests.swift */ = {isa = PBXFileReference; lastKnownFileType = sourcecode.swift; path = LISDSurveyUITestsLaunchTests.swift; sourceTree = "<group>"; };
		EDD913432DC505A00043061D /* HomePage.swift */ = {isa = PBXFileReference; lastKnownFileType = sourcecode.swift; path = HomePage.swift; sourceTree = "<group>"; };
		EDD913452DC509500043061D /* ProfilePage.swift */ = {isa = PBXFileReference; lastKnownFileType = sourcecode.swift; path = ProfilePage.swift; sourceTree = "<group>"; };
		EDD913472DC50C970043061D /* OngoingView.swift */ = {isa = PBXFileReference; lastKnownFileType = sourcecode.swift; path = OngoingView.swift; sourceTree = "<group>"; };
		EDD913492DC50CBF0043061D /* FinishedView.swift */ = {isa = PBXFileReference; lastKnownFileType = sourcecode.swift; path = FinishedView.swift; sourceTree = "<group>"; };
		EDD9134B2DC50D180043061D /* AuthView.swift */ = {isa = PBXFileReference; lastKnownFileType = sourcecode.swift; path = AuthView.swift; sourceTree = "<group>"; };
		EDD9134D2DC50EF60043061D /* MainTabView.swift */ = {isa = PBXFileReference; lastKnownFileType = sourcecode.swift; path = MainTabView.swift; sourceTree = "<group>"; };
/* End PBXFileReference section */

/* Begin PBXFrameworksBuildPhase section */
		EDA954C32DBFBDAC00B8B7FA /* Frameworks */ = {
			isa = PBXFrameworksBuildPhase;
			buildActionMask = 2147483647;
			files = (
			);
			runOnlyForDeploymentPostprocessing = 0;
		};
		EDA954D32DBFBDAE00B8B7FA /* Frameworks */ = {
			isa = PBXFrameworksBuildPhase;
			buildActionMask = 2147483647;
			files = (
			);
			runOnlyForDeploymentPostprocessing = 0;
		};
		EDA954DD2DBFBDAE00B8B7FA /* Frameworks */ = {
			isa = PBXFrameworksBuildPhase;
			buildActionMask = 2147483647;
			files = (
			);
			runOnlyForDeploymentPostprocessing = 0;
		};
/* End PBXFrameworksBuildPhase section */

/* Begin PBXGroup section */
		EDA954BD2DBFBDAC00B8B7FA = {
			isa = PBXGroup;
			children = (
				EDA954C82DBFBDAC00B8B7FA /* LISDSurvey */,
				EDA954D92DBFBDAE00B8B7FA /* LISDSurveyTests */,
				EDA954E32DBFBDAE00B8B7FA /* LISDSurveyUITests */,
				EDA954C72DBFBDAC00B8B7FA /* Products */,
			);
			sourceTree = "<group>";
		};
		EDA954C72DBFBDAC00B8B7FA /* Products */ = {
			isa = PBXGroup;
			children = (
				EDA954C62DBFBDAC00B8B7FA /* LISDSurvey.app */,
				EDA954D62DBFBDAE00B8B7FA /* LISDSurveyTests.xctest */,
				EDA954E02DBFBDAE00B8B7FA /* LISDSurveyUITests.xctest */,
			);
			name = Products;
			sourceTree = "<group>";
		};
		EDA954C82DBFBDAC00B8B7FA /* LISDSurvey */ = {
			isa = PBXGroup;
			children = (
				ED5629362DCA563200D375D0 /* SurveyCategoriesView.swift */,
				ED5629342DCA560B00D375D0 /* SurveyView.swift */,
				ED5629302DCA55BD00D375D0 /* SurveyModel.swift */,
				ED56292E2DCA559E00D375D0 /* AppColors.swift */,
				EDD9134B2DC50D180043061D /* AuthView.swift */,
				EDD913452DC509500043061D /* ProfilePage.swift */,
				EDA954C92DBFBDAC00B8B7FA /* LISDSurveyApp.swift */,
				EDD913432DC505A00043061D /* HomePage.swift */,
				EDA954CB2DBFBDAC00B8B7FA /* ContentView.swift */,
				ED6C02232DC26BBD006463A5 /* SocialLoginView.swift */,
				EDD913472DC50C970043061D /* OngoingView.swift */,
				EDD913492DC50CBF0043061D /* FinishedView.swift */,
				EDD9134D2DC50EF60043061D /* MainTabView.swift */,
				ED5629322DCA55E200D375D0 /* SurveyCardView.swift */,
				ED6C02252DC26CD3006463A5 /* google_logo.png */,
				ED6C02272DC26D5C006463A5 /* facebook_logo.png */,
				EDA954CD2DBFBDAD00B8B7FA /* Assets.xcassets */,
				EDA954CF2DBFBDAD00B8B7FA /* Preview Content */,
			);
			path = LISDSurvey;
			sourceTree = "<group>";
		};
		EDA954CF2DBFBDAD00B8B7FA /* Preview Content */ = {
			isa = PBXGroup;
			children = (
				EDA954D02DBFBDAD00B8B7FA /* Preview Assets.xcassets */,
			);
			path = "Preview Content";
			sourceTree = "<group>";
		};
		EDA954D92DBFBDAE00B8B7FA /* LISDSurveyTests */ = {
			isa = PBXGroup;
			children = (
				EDA954DA2DBFBDAE00B8B7FA /* LISDSurveyTests.swift */,
			);
			path = LISDSurveyTests;
			sourceTree = "<group>";
		};
		EDA954E32DBFBDAE00B8B7FA /* LISDSurveyUITests */ = {
			isa = PBXGroup;
			children = (
				EDA954E42DBFBDAE00B8B7FA /* LISDSurveyUITests.swift */,
				EDA954E62DBFBDAE00B8B7FA /* LISDSurveyUITestsLaunchTests.swift */,
			);
			path = LISDSurveyUITests;
			sourceTree = "<group>";
		};
/* End PBXGroup section */

/* Begin PBXNativeTarget section */
		EDA954C52DBFBDAC00B8B7FA /* LISDSurvey */ = {
			isa = PBXNativeTarget;
			buildConfigurationList = EDA954EA2DBFBDAE00B8B7FA /* Build configuration list for PBXNativeTarget "LISDSurvey" */;
			buildPhases = (
				EDA954C22DBFBDAC00B8B7FA /* Sources */,
				EDA954C32DBFBDAC00B8B7FA /* Frameworks */,
				EDA954C42DBFBDAC00B8B7FA /* Resources */,
			);
			buildRules = (
			);
			dependencies = (
			);
			name = LISDSurvey;
			productName = LISDSurvey;
			productReference = EDA954C62DBFBDAC00B8B7FA /* LISDSurvey.app */;
			productType = "com.apple.product-type.application";
		};
		EDA954D52DBFBDAE00B8B7FA /* LISDSurveyTests */ = {
			isa = PBXNativeTarget;
			buildConfigurationList = EDA954ED2DBFBDAE00B8B7FA /* Build configuration list for PBXNativeTarget "LISDSurveyTests" */;
			buildPhases = (
				EDA954D22DBFBDAE00B8B7FA /* Sources */,
				EDA954D32DBFBDAE00B8B7FA /* Frameworks */,
				EDA954D42DBFBDAE00B8B7FA /* Resources */,
			);
			buildRules = (
			);
			dependencies = (
				EDA954D82DBFBDAE00B8B7FA /* PBXTargetDependency */,
			);
			name = LISDSurveyTests;
			productName = LISDSurveyTests;
			productReference = EDA954D62DBFBDAE00B8B7FA /* LISDSurveyTests.xctest */;
			productType = "com.apple.product-type.bundle.unit-test";
		};
		EDA954DF2DBFBDAE00B8B7FA /* LISDSurveyUITests */ = {
			isa = PBXNativeTarget;
			buildConfigurationList = EDA954F02DBFBDAE00B8B7FA /* Build configuration list for PBXNativeTarget "LISDSurveyUITests" */;
			buildPhases = (
				EDA954DC2DBFBDAE00B8B7FA /* Sources */,
				EDA954DD2DBFBDAE00B8B7FA /* Frameworks */,
				EDA954DE2DBFBDAE00B8B7FA /* Resources */,
			);
			buildRules = (
			);
			dependencies = (
				EDA954E22DBFBDAE00B8B7FA /* PBXTargetDependency */,
			);
			name = LISDSurveyUITests;
			productName = LISDSurveyUITests;
			productReference = EDA954E02DBFBDAE00B8B7FA /* LISDSurveyUITests.xctest */;
			productType = "com.apple.product-type.bundle.ui-testing";
		};
/* End PBXNativeTarget section */

/* Begin PBXProject section */
		EDA954BE2DBFBDAC00B8B7FA /* Project object */ = {
			isa = PBXProject;
			attributes = {
				BuildIndependentTargetsInParallel = 1;
				LastSwiftUpdateCheck = 1540;
				LastUpgradeCheck = 1540;
				TargetAttributes = {
					EDA954C52DBFBDAC00B8B7FA = {
						CreatedOnToolsVersion = 15.4;
					};
					EDA954D52DBFBDAE00B8B7FA = {
						CreatedOnToolsVersion = 15.4;
						TestTargetID = EDA954C52DBFBDAC00B8B7FA;
					};
					EDA954DF2DBFBDAE00B8B7FA = {
						CreatedOnToolsVersion = 15.4;
						TestTargetID = EDA954C52DBFBDAC00B8B7FA;
					};
				};
			};
			buildConfigurationList = EDA954C12DBFBDAC00B8B7FA /* Build configuration list for PBXProject "LISDSurvey" */;
			compatibilityVersion = "Xcode 14.0";
			developmentRegion = en;
			hasScannedForEncodings = 0;
			knownRegions = (
				en,
				Base,
			);
			mainGroup = EDA954BD2DBFBDAC00B8B7FA;
			productRefGroup = EDA954C72DBFBDAC00B8B7FA /* Products */;
			projectDirPath = "";
			projectRoot = "";
			targets = (
				EDA954C52DBFBDAC00B8B7FA /* LISDSurvey */,
				EDA954D52DBFBDAE00B8B7FA /* LISDSurveyTests */,
				EDA954DF2DBFBDAE00B8B7FA /* LISDSurveyUITests */,
			);
		};
/* End PBXProject section */

/* Begin PBXResourcesBuildPhase section */
		EDA954C42DBFBDAC00B8B7FA /* Resources */ = {
			isa = PBXResourcesBuildPhase;
			buildActionMask = 2147483647;
			files = (
				EDA954D12DBFBDAD00B8B7FA /* Preview Assets.xcassets in Resources */,
				ED6C02262DC26CD3006463A5 /* google_logo.png in Resources */,
				ED6C02282DC26D5C006463A5 /* facebook_logo.png in Resources */,
				EDA954CE2DBFBDAD00B8B7FA /* Assets.xcassets in Resources */,
			);
			runOnlyForDeploymentPostprocessing = 0;
		};
		EDA954D42DBFBDAE00B8B7FA /* Resources */ = {
			isa = PBXResourcesBuildPhase;
			buildActionMask = 2147483647;
			files = (
			);
			runOnlyForDeploymentPostprocessing = 0;
		};
		EDA954DE2DBFBDAE00B8B7FA /* Resources */ = {
			isa = PBXResourcesBuildPhase;
			buildActionMask = 2147483647;
			files = (
			);
			runOnlyForDeploymentPostprocessing = 0;
		};
/* End PBXResourcesBuildPhase section */

/* Begin PBXSourcesBuildPhase section */
		EDA954C22DBFBDAC00B8B7FA /* Sources */ = {
			isa = PBXSourcesBuildPhase;
			buildActionMask = 2147483647;
			files = (
				ED5629372DCA563200D375D0 /* SurveyCategoriesView.swift in Sources */,
				ED5629312DCA55BD00D375D0 /* SurveyModel.swift in Sources */,
				ED6C02242DC26BBD006463A5 /* SocialLoginView.swift in Sources */,
				ED5629332DCA55E200D375D0 /* SurveyCardView.swift in Sources */,
				EDD9134A2DC50CBF0043061D /* FinishedView.swift in Sources */,
				EDD9134E2DC50EF60043061D /* MainTabView.swift in Sources */,
				ED56292F2DCA559E00D375D0 /* AppColors.swift in Sources */,
				ED5629352DCA560B00D375D0 /* SurveyView.swift in Sources */,
				EDA954CC2DBFBDAC00B8B7FA /* ContentView.swift in Sources */,
				EDD913462DC509500043061D /* ProfilePage.swift in Sources */,
				EDA954CA2DBFBDAC00B8B7FA /* LISDSurveyApp.swift in Sources */,
				EDD913482DC50C970043061D /* OngoingView.swift in Sources */,
				EDD9134C2DC50D180043061D /* AuthView.swift in Sources */,
				EDD913442DC505A00043061D /* HomePage.swift in Sources */,
			);
			runOnlyForDeploymentPostprocessing = 0;
		};
		EDA954D22DBFBDAE00B8B7FA /* Sources */ = {
			isa = PBXSourcesBuildPhase;
			buildActionMask = 2147483647;
			files = (
				EDA954DB2DBFBDAE00B8B7FA /* LISDSurveyTests.swift in Sources */,
			);
			runOnlyForDeploymentPostprocessing = 0;
		};
		EDA954DC2DBFBDAE00B8B7FA /* Sources */ = {
			isa = PBXSourcesBuildPhase;
			buildActionMask = 2147483647;
			files = (
				EDA954E72DBFBDAE00B8B7FA /* LISDSurveyUITestsLaunchTests.swift in Sources */,
				EDA954E52DBFBDAE00B8B7FA /* LISDSurveyUITests.swift in Sources */,
			);
			runOnlyForDeploymentPostprocessing = 0;
		};
/* End PBXSourcesBuildPhase section */

/* Begin PBXTargetDependency section */
		EDA954D82DBFBDAE00B8B7FA /* PBXTargetDependency */ = {
			isa = PBXTargetDependency;
			target = EDA954C52DBFBDAC00B8B7FA /* LISDSurvey */;
			targetProxy = EDA954D72DBFBDAE00B8B7FA /* PBXContainerItemProxy */;
		};
		EDA954E22DBFBDAE00B8B7FA /* PBXTargetDependency */ = {
			isa = PBXTargetDependency;
			target = EDA954C52DBFBDAC00B8B7FA /* LISDSurvey */;
			targetProxy = EDA954E12DBFBDAE00B8B7FA /* PBXContainerItemProxy */;
		};
/* End PBXTargetDependency section */

/* Begin XCBuildConfiguration section */
		EDA954E82DBFBDAE00B8B7FA /* Debug */ = {
			isa = XCBuildConfiguration;
			buildSettings = {
				ALWAYS_SEARCH_USER_PATHS = NO;
				ASSETCATALOG_COMPILER_GENERATE_SWIFT_ASSET_SYMBOL_EXTENSIONS = YES;
				CLANG_ANALYZER_NONNULL = YES;
				CLANG_ANALYZER_NUMBER_OBJECT_CONVERSION = YES_AGGRESSIVE;
				CLANG_CXX_LANGUAGE_STANDARD = "gnu++20";
				CLANG_ENABLE_MODULES = YES;
				CLANG_ENABLE_OBJC_ARC = YES;
				CLANG_ENABLE_OBJC_WEAK = YES;
				CLANG_WARN_BLOCK_CAPTURE_AUTORELEASING = YES;
				CLANG_WARN_BOOL_CONVERSION = YES;
				CLANG_WARN_COMMA = YES;
				CLANG_WARN_CONSTANT_CONVERSION = YES;
				CLANG_WARN_DEPRECATED_OBJC_IMPLEMENTATIONS = YES;
				CLANG_WARN_DIRECT_OBJC_ISA_USAGE = YES_ERROR;
				CLANG_WARN_DOCUMENTATION_COMMENTS = YES;
				CLANG_WARN_EMPTY_BODY = YES;
				CLANG_WARN_ENUM_CONVERSION = YES;
				CLANG_WARN_INFINITE_RECURSION = YES;
				CLANG_WARN_INT_CONVERSION = YES;
				CLANG_WARN_NON_LITERAL_NULL_CONVERSION = YES;
				CLANG_WARN_OBJC_IMPLICIT_RETAIN_SELF = YES;
				CLANG_WARN_OBJC_LITERAL_CONVERSION = YES;
				CLANG_WARN_OBJC_ROOT_CLASS = YES_ERROR;
				CLANG_WARN_QUOTED_INCLUDE_IN_FRAMEWORK_HEADER = YES;
				CLANG_WARN_RANGE_LOOP_ANALYSIS = YES;
				CLANG_WARN_STRICT_PROTOTYPES = YES;
				CLANG_WARN_SUSPICIOUS_MOVE = YES;
				CLANG_WARN_UNGUARDED_AVAILABILITY = YES_AGGRESSIVE;
				CLANG_WARN_UNREACHABLE_CODE = YES;
				CLANG_WARN__DUPLICATE_METHOD_MATCH = YES;
				COPY_PHASE_STRIP = NO;
				DEBUG_INFORMATION_FORMAT = dwarf;
				ENABLE_STRICT_OBJC_MSGSEND = YES;
				ENABLE_TESTABILITY = YES;
				ENABLE_USER_SCRIPT_SANDBOXING = YES;
				GCC_C_LANGUAGE_STANDARD = gnu17;
				GCC_DYNAMIC_NO_PIC = NO;
				GCC_NO_COMMON_BLOCKS = YES;
				GCC_OPTIMIZATION_LEVEL = 0;
				GCC_PREPROCESSOR_DEFINITIONS = (
					"DEBUG=1",
					"$(inherited)",
				);
				GCC_WARN_64_TO_32_BIT_CONVERSION = YES;
				GCC_WARN_ABOUT_RETURN_TYPE = YES_ERROR;
				GCC_WARN_UNDECLARED_SELECTOR = YES;
				GCC_WARN_UNINITIALIZED_AUTOS = YES_AGGRESSIVE;
				GCC_WARN_UNUSED_FUNCTION = YES;
				GCC_WARN_UNUSED_VARIABLE = YES;
				IPHONEOS_DEPLOYMENT_TARGET = 17.5;
				LOCALIZATION_PREFERS_STRING_CATALOGS = YES;
				MTL_ENABLE_DEBUG_INFO = INCLUDE_SOURCE;
				MTL_FAST_MATH = YES;
				ONLY_ACTIVE_ARCH = YES;
				SDKROOT = iphoneos;
				SWIFT_ACTIVE_COMPILATION_CONDITIONS = "DEBUG $(inherited)";
				SWIFT_OPTIMIZATION_LEVEL = "-Onone";
			};
			name = Debug;
		};
		EDA954E92DBFBDAE00B8B7FA /* Release */ = {
			isa = XCBuildConfiguration;
			buildSettings = {
				ALWAYS_SEARCH_USER_PATHS = NO;
				ASSETCATALOG_COMPILER_GENERATE_SWIFT_ASSET_SYMBOL_EXTENSIONS = YES;
				CLANG_ANALYZER_NONNULL = YES;
				CLANG_ANALYZER_NUMBER_OBJECT_CONVERSION = YES_AGGRESSIVE;
				CLANG_CXX_LANGUAGE_STANDARD = "gnu++20";
				CLANG_ENABLE_MODULES = YES;
				CLANG_ENABLE_OBJC_ARC = YES;
				CLANG_ENABLE_OBJC_WEAK = YES;
				CLANG_WARN_BLOCK_CAPTURE_AUTORELEASING = YES;
				CLANG_WARN_BOOL_CONVERSION = YES;
				CLANG_WARN_COMMA = YES;
				CLANG_WARN_CONSTANT_CONVERSION = YES;
				CLANG_WARN_DEPRECATED_OBJC_IMPLEMENTATIONS = YES;
				CLANG_WARN_DIRECT_OBJC_ISA_USAGE = YES_ERROR;
				CLANG_WARN_DOCUMENTATION_COMMENTS = YES;
				CLANG_WARN_EMPTY_BODY = YES;
				CLANG_WARN_ENUM_CONVERSION = YES;
				CLANG_WARN_INFINITE_RECURSION = YES;
				CLANG_WARN_INT_CONVERSION = YES;
				CLANG_WARN_NON_LITERAL_NULL_CONVERSION = YES;
				CLANG_WARN_OBJC_IMPLICIT_RETAIN_SELF = YES;
				CLANG_WARN_OBJC_LITERAL_CONVERSION = YES;
				CLANG_WARN_OBJC_ROOT_CLASS = YES_ERROR;
				CLANG_WARN_QUOTED_INCLUDE_IN_FRAMEWORK_HEADER = YES;
				CLANG_WARN_RANGE_LOOP_ANALYSIS = YES;
				CLANG_WARN_STRICT_PROTOTYPES = YES;
				CLANG_WARN_SUSPICIOUS_MOVE = YES;
				CLANG_WARN_UNGUARDED_AVAILABILITY = YES_AGGRESSIVE;
				CLANG_WARN_UNREACHABLE_CODE = YES;
				CLANG_WARN__DUPLICATE_METHOD_MATCH = YES;
				COPY_PHASE_STRIP = NO;
				DEBUG_INFORMATION_FORMAT = "dwarf-with-dsym";
				ENABLE_NS_ASSERTIONS = NO;
				ENABLE_STRICT_OBJC_MSGSEND = YES;
				ENABLE_USER_SCRIPT_SANDBOXING = YES;
				GCC_C_LANGUAGE_STANDARD = gnu17;
				GCC_NO_COMMON_BLOCKS = YES;
				GCC_WARN_64_TO_32_BIT_CONVERSION = YES;
				GCC_WARN_ABOUT_RETURN_TYPE = YES_ERROR;
				GCC_WARN_UNDECLARED_SELECTOR = YES;
				GCC_WARN_UNINITIALIZED_AUTOS = YES_AGGRESSIVE;
				GCC_WARN_UNUSED_FUNCTION = YES;
				GCC_WARN_UNUSED_VARIABLE = YES;
				IPHONEOS_DEPLOYMENT_TARGET = 17.5;
				LOCALIZATION_PREFERS_STRING_CATALOGS = YES;
				MTL_ENABLE_DEBUG_INFO = NO;
				MTL_FAST_MATH = YES;
				SDKROOT = iphoneos;
				SWIFT_COMPILATION_MODE = wholemodule;
				VALIDATE_PRODUCT = YES;
			};
			name = Release;
		};
		EDA954EB2DBFBDAE00B8B7FA /* Debug */ = {
			isa = XCBuildConfiguration;
			buildSettings = {
				ASSETCATALOG_COMPILER_APPICON_NAME = AppIcon;
				ASSETCATALOG_COMPILER_GLOBAL_ACCENT_COLOR_NAME = AccentColor;
				CODE_SIGN_STYLE = Automatic;
				CURRENT_PROJECT_VERSION = 1;
				DEVELOPMENT_ASSET_PATHS = "\"LISDSurvey/Preview Content\"";
				ENABLE_PREVIEWS = YES;
				GENERATE_INFOPLIST_FILE = YES;
				INFOPLIST_KEY_UIApplicationSceneManifest_Generation = YES;
				INFOPLIST_KEY_UIApplicationSupportsIndirectInputEvents = YES;
				INFOPLIST_KEY_UILaunchScreen_Generation = YES;
				INFOPLIST_KEY_UISupportedInterfaceOrientations_iPad = "UIInterfaceOrientationPortrait UIInterfaceOrientationPortraitUpsideDown UIInterfaceOrientationLandscapeLeft UIInterfaceOrientationLandscapeRight";
				INFOPLIST_KEY_UISupportedInterfaceOrientations_iPhone = "UIInterfaceOrientationPortrait UIInterfaceOrientationLandscapeLeft UIInterfaceOrientationLandscapeRight";
				LD_RUNPATH_SEARCH_PATHS = (
					"$(inherited)",
					"@executable_path/Frameworks",
				);
				MARKETING_VERSION = 1.0;
				PRODUCT_BUNDLE_IDENTIFIER = firstapp.LISDSurvey;
				PRODUCT_NAME = "$(TARGET_NAME)";
				SWIFT_EMIT_LOC_STRINGS = YES;
				SWIFT_VERSION = 5.0;
				TARGETED_DEVICE_FAMILY = "1,2";
			};
			name = Debug;
		};
		EDA954EC2DBFBDAE00B8B7FA /* Release */ = {
			isa = XCBuildConfiguration;
			buildSettings = {
				ASSETCATALOG_COMPILER_APPICON_NAME = AppIcon;
				ASSETCATALOG_COMPILER_GLOBAL_ACCENT_COLOR_NAME = AccentColor;
				CODE_SIGN_STYLE = Automatic;
				CURRENT_PROJECT_VERSION = 1;
				DEVELOPMENT_ASSET_PATHS = "\"LISDSurvey/Preview Content\"";
				ENABLE_PREVIEWS = YES;
				GENERATE_INFOPLIST_FILE = YES;
				INFOPLIST_KEY_UIApplicationSceneManifest_Generation = YES;
				INFOPLIST_KEY_UIApplicationSupportsIndirectInputEvents = YES;
				INFOPLIST_KEY_UILaunchScreen_Generation = YES;
				INFOPLIST_KEY_UISupportedInterfaceOrientations_iPad = "UIInterfaceOrientationPortrait UIInterfaceOrientationPortraitUpsideDown UIInterfaceOrientationLandscapeLeft UIInterfaceOrientationLandscapeRight";
				INFOPLIST_KEY_UISupportedInterfaceOrientations_iPhone = "UIInterfaceOrientationPortrait UIInterfaceOrientationLandscapeLeft UIInterfaceOrientationLandscapeRight";
				LD_RUNPATH_SEARCH_PATHS = (
					"$(inherited)",
					"@executable_path/Frameworks",
				);
				MARKETING_VERSION = 1.0;
				PRODUCT_BUNDLE_IDENTIFIER = firstapp.LISDSurvey;
				PRODUCT_NAME = "$(TARGET_NAME)";
				SWIFT_EMIT_LOC_STRINGS = YES;
				SWIFT_VERSION = 5.0;
				TARGETED_DEVICE_FAMILY = "1,2";
			};
			name = Release;
		};
		EDA954EE2DBFBDAE00B8B7FA /* Debug */ = {
			isa = XCBuildConfiguration;
			buildSettings = {
				ALWAYS_EMBED_SWIFT_STANDARD_LIBRARIES = YES;
				BUNDLE_LOADER = "$(TEST_HOST)";
				CODE_SIGN_STYLE = Automatic;
				CURRENT_PROJECT_VERSION = 1;
				GENERATE_INFOPLIST_FILE = YES;
				IPHONEOS_DEPLOYMENT_TARGET = 17.5;
				MARKETING_VERSION = 1.0;
				PRODUCT_BUNDLE_IDENTIFIER = firstapp.LISDSurveyTests;
				PRODUCT_NAME = "$(TARGET_NAME)";
				SWIFT_EMIT_LOC_STRINGS = NO;
				SWIFT_VERSION = 5.0;
				TARGETED_DEVICE_FAMILY = "1,2";
				TEST_HOST = "$(BUILT_PRODUCTS_DIR)/LISDSurvey.app/$(BUNDLE_EXECUTABLE_FOLDER_PATH)/LISDSurvey";
			};
			name = Debug;
		};
		EDA954EF2DBFBDAE00B8B7FA /* Release */ = {
			isa = XCBuildConfiguration;
			buildSettings = {
				ALWAYS_EMBED_SWIFT_STANDARD_LIBRARIES = YES;
				BUNDLE_LOADER = "$(TEST_HOST)";
				CODE_SIGN_STYLE = Automatic;
				CURRENT_PROJECT_VERSION = 1;
				GENERATE_INFOPLIST_FILE = YES;
				IPHONEOS_DEPLOYMENT_TARGET = 17.5;
				MARKETING_VERSION = 1.0;
				PRODUCT_BUNDLE_IDENTIFIER = firstapp.LISDSurveyTests;
				PRODUCT_NAME = "$(TARGET_NAME)";
				SWIFT_EMIT_LOC_STRINGS = NO;
				SWIFT_VERSION = 5.0;
				TARGETED_DEVICE_FAMILY = "1,2";
				TEST_HOST = "$(BUILT_PRODUCTS_DIR)/LISDSurvey.app/$(BUNDLE_EXECUTABLE_FOLDER_PATH)/LISDSurvey";
			};
			name = Release;
		};
		EDA954F12DBFBDAE00B8B7FA /* Debug */ = {
			isa = XCBuildConfiguration;
			buildSettings = {
				ALWAYS_EMBED_SWIFT_STANDARD_LIBRARIES = YES;
				CODE_SIGN_STYLE = Automatic;
				CURRENT_PROJECT_VERSION = 1;
				GENERATE_INFOPLIST_FILE = YES;
				MARKETING_VERSION = 1.0;
				PRODUCT_BUNDLE_IDENTIFIER = firstapp.LISDSurveyUITests;
				PRODUCT_NAME = "$(TARGET_NAME)";
				SWIFT_EMIT_LOC_STRINGS = NO;
				SWIFT_VERSION = 5.0;
				TARGETED_DEVICE_FAMILY = "1,2";
				TEST_TARGET_NAME = LISDSurvey;
			};
			name = Debug;
		};
		EDA954F22DBFBDAE00B8B7FA /* Release */ = {
			isa = XCBuildConfiguration;
			buildSettings = {
				ALWAYS_EMBED_SWIFT_STANDARD_LIBRARIES = YES;
				CODE_SIGN_STYLE = Automatic;
				CURRENT_PROJECT_VERSION = 1;
				GENERATE_INFOPLIST_FILE = YES;
				MARKETING_VERSION = 1.0;
				PRODUCT_BUNDLE_IDENTIFIER = firstapp.LISDSurveyUITests;
				PRODUCT_NAME = "$(TARGET_NAME)";
				SWIFT_EMIT_LOC_STRINGS = NO;
				SWIFT_VERSION = 5.0;
				TARGETED_DEVICE_FAMILY = "1,2";
				TEST_TARGET_NAME = LISDSurvey;
			};
			name = Release;
		};
/* End XCBuildConfiguration section */

/* Begin XCConfigurationList section */
		EDA954C12DBFBDAC00B8B7FA /* Build configuration list for PBXProject "LISDSurvey" */ = {
			isa = XCConfigurationList;
			buildConfigurations = (
				EDA954E82DBFBDAE00B8B7FA /* Debug */,
				EDA954E92DBFBDAE00B8B7FA /* Release */,
			);
			defaultConfigurationIsVisible = 0;
			defaultConfigurationName = Release;
		};
		EDA954EA2DBFBDAE00B8B7FA /* Build configuration list for PBXNativeTarget "LISDSurvey" */ = {
			isa = XCConfigurationList;
			buildConfigurations = (
				EDA954EB2DBFBDAE00B8B7FA /* Debug */,
				EDA954EC2DBFBDAE00B8B7FA /* Release */,
			);
			defaultConfigurationIsVisible = 0;
			defaultConfigurationName = Release;
		};
		EDA954ED2DBFBDAE00B8B7FA /* Build configuration list for PBXNativeTarget "LISDSurveyTests" */ = {
			isa = XCConfigurationList;
			buildConfigurations = (
				EDA954EE2DBFBDAE00B8B7FA /* Debug */,
				EDA954EF2DBFBDAE00B8B7FA /* Release */,
			);
			defaultConfigurationIsVisible = 0;
			defaultConfigurationName = Release;
		};
		EDA954F02DBFBDAE00B8B7FA /* Build configuration list for PBXNativeTarget "LISDSurveyUITests" */ = {
			isa = XCConfigurationList;
			buildConfigurations = (
				EDA954F12DBFBDAE00B8B7FA /* Debug */,
				EDA954F22DBFBDAE00B8B7FA /* Release */,
			);
			defaultConfigurationIsVisible = 0;
			defaultConfigurationName = Release;
		};
/* End XCConfigurationList section */
	};
	rootObject = EDA954BE2DBFBDAC00B8B7FA /* Project object */;
}
